
Microsoft Visual Studio Solution File, Format Version 12.00
# Visual Studio 15
VisualStudioVersion = 15.0.28307.1022
MinimumVisualStudioVersion = 10.0.40219.1
Project("{9A19103F-16F7-4668-BE54-9A1E7A4F7556}") = "DevIO.Business", "src\DevIO.Business\DevIO.Business.csproj", "{3DA19B1B-AEBF-44D3-B6D8-9CC0533DC249}"
EndProject
Project("{9A19103F-16F7-4668-BE54-9A1E7A4F7556}") = "DevIO.Data", "src\DevIO.Data\DevIO.Data.csproj", "{89DF6C13-2306-4FD1-A7F6-C76B6B986872}"
EndProject
Project("{FAE04EC0-301F-11D3-BF4B-00C04F79EFBC}") = "DevIO.Api", "src\DevIO.Api\DevIO.Api.csproj", "{B9B98515-5773-4A03-96E3-02788C07F112}"
EndProject
Global
	GlobalSection(SolutionConfigurationPlatforms) = preSolution
		Debug|Any CPU = Debug|Any CPU
		Release|Any CPU = Release|Any CPU
	EndGlobalSection
	GlobalSection(ProjectConfigurationPlatforms) = postSolution
		{3DA19B1B-AEBF-44D3-B6D8-9CC0533DC249}.Debug|Any CPU.ActiveCfg = Debug|Any CPU
		{3DA19B1B-AEBF-44D3-B6D8-9CC0533DC249}.Debug|Any CPU.Build.0 = Debug|Any CPU
		{3DA19B1B-AEBF-44D3-B6D8-9CC0533DC249}.Release|Any CPU.ActiveCfg = Release|Any CPU
		{3DA19B1B-AEBF-44D3-B6D8-9CC0533DC249}.Release|Any CPU.Build.0 = Release|Any CPU
		{89DF6C13-2306-4FD1-A7F6-C76B6B986872}.Debug|Any CPU.ActiveCfg = Debug|Any CPU
		{89DF6C13-2306-4FD1-A7F6-C76B6B986872}.Debug|Any CPU.Build.0 = Debug|Any CPU
		{89DF6C13-2306-4FD1-A7F6-C76B6B986872}.Release|Any CPU.ActiveCfg = Release|Any CPU
		{89DF6C13-2306-4FD1-A7F6-C76B6B986872}.Release|Any CPU.Build.0 = Release|Any CPU
		{B9B98515-5773-4A03-96E3-02788C07F112}.Debug|Any CPU.ActiveCfg = Debug|Any CPU
		{B9B98515-5773-4A03-96E3-02788C07F112}.Debug|Any CPU.Build.0 = Debug|Any CPU
		{B9B98515-5773-4A03-96E3-02788C07F112}.Release|Any CPU.ActiveCfg = Release|Any CPU
		{B9B98515-5773-4A03-96E3-02788C07F112}.Release|Any CPU.Build.0 = Release|Any CPU
	EndGlobalSection
	GlobalSection(SolutionProperties) = preSolution
		HideSolutionNode = FALSE
	EndGlobalSection
	GlobalSection(ExtensibilityGlobals) = postSolution
		SolutionGuid = {3F46F106-E8CF-48A1-A280-956F2C370EF5}
	EndGlobalSection
EndGlobal
